// !$*UTF8*$!
{
	archiveVersion = 1;
	classes = {
	};
	objectVersion = 51;
	objects = {

/* Begin PBXBuildFile section */
		21488C37249AFAE500DF7564 /* AppDelegate.swift in Sources */ = {isa = PBXBuildFile; fileRef = 21488C36249AFAE500DF7564 /* AppDelegate.swift */; };
		21488C39249AFAE500DF7564 /* SceneDelegate.swift in Sources */ = {isa = PBXBuildFile; fileRef = 21488C38249AFAE500DF7564 /* SceneDelegate.swift */; };
		21488C3B249AFAE500DF7564 /* ViewController.swift in Sources */ = {isa = PBXBuildFile; fileRef = 21488C3A249AFAE500DF7564 /* ViewController.swift */; };
		21488C3E249AFAE500DF7564 /* Main.storyboard in Resources */ = {isa = PBXBuildFile; fileRef = 21488C3C249AFAE500DF7564 /* Main.storyboard */; };
		21488C40249AFAE900DF7564 /* Assets.xcassets in Resources */ = {isa = PBXBuildFile; fileRef = 21488C3F249AFAE900DF7564 /* Assets.xcassets */; };
		21488C43249AFAE900DF7564 /* LaunchScreen.storyboard in Resources */ = {isa = PBXBuildFile; fileRef = 21488C41249AFAE900DF7564 /* LaunchScreen.storyboard */; };
		21488C4B249B3ABF00DF7564 /* AddNameViewController.swift in Sources */ = {isa = PBXBuildFile; fileRef = 21488C4A249B3ABF00DF7564 /* AddNameViewController.swift */; };
		39CB49D8F3FC0D0CC2340746 /* Pods_FriendListApp.framework in Frameworks */ = {isa = PBXBuildFile; fileRef = 3CD44C0A78F866C2ECE8D743 /* Pods_FriendListApp.framework */; };
/* End PBXBuildFile section */

/* Begin PBXFileReference section */
		21488C33249AFAE500DF7564 /* FriendListApp.app */ = {isa = PBXFileReference; explicitFileType = wrapper.application; includeInIndex = 0; path = FriendListApp.app; sourceTree = BUILT_PRODUCTS_DIR; };
		21488C36249AFAE500DF7564 /* AppDelegate.swift */ = {isa = PBXFileReference; lastKnownFileType = sourcecode.swift; path = AppDelegate.swift; sourceTree = "<group>"; };
		21488C38249AFAE500DF7564 /* SceneDelegate.swift */ = {isa = PBXFileReference; lastKnownFileType = sourcecode.swift; path = SceneDelegate.swift; sourceTree = "<group>"; };
		21488C3A249AFAE500DF7564 /* ViewController.swift */ = {isa = PBXFileReference; lastKnownFileType = sourcecode.swift; path = ViewController.swift; sourceTree = "<group>"; };
		21488C3D249AFAE500DF7564 /* Base */ = {isa = PBXFileReference; lastKnownFileType = file.storyboard; name = Base; path = Base.lproj/Main.storyboard; sourceTree = "<group>"; };
		21488C3F249AFAE900DF7564 /* Assets.xcassets */ = {isa = PBXFileReference; lastKnownFileType = folder.assetcatalog; path = Assets.xcassets; sourceTree = "<group>"; };
		21488C42249AFAE900DF7564 /* Base */ = {isa = PBXFileReference; lastKnownFileType = file.storyboard; name = Base; path = Base.lproj/LaunchScreen.storyboard; sourceTree = "<group>"; };
		21488C44249AFAE900DF7564 /* Info.plist */ = {isa = PBXFileReference; lastKnownFileType = text.plist.xml; path = Info.plist; sourceTree = "<group>"; };
		21488C4A249B3ABF00DF7564 /* AddNameViewController.swift */ = {isa = PBXFileReference; lastKnownFileType = sourcecode.swift; path = AddNameViewController.swift; sourceTree = "<group>"; };
		3CD44C0A78F866C2ECE8D743 /* Pods_FriendListApp.framework */ = {isa = PBXFileReference; explicitFileType = wrapper.framework; includeInIndex = 0; path = Pods_FriendListApp.framework; sourceTree = BUILT_PRODUCTS_DIR; };
		AD20C14EB6FC598EBA9AFF15 /* Pods-FriendListApp.debug.xcconfig */ = {isa = PBXFileReference; includeInIndex = 1; lastKnownFileType = text.xcconfig; name = "Pods-FriendListApp.debug.xcconfig"; path = "Target Support Files/Pods-FriendListApp/Pods-FriendListApp.debug.xcconfig"; sourceTree = "<group>"; };
		B8C5DCCD3D6FC2499D1AB8E6 /* Pods-FriendListApp.release.xcconfig */ = {isa = PBXFileReference; includeInIndex = 1; lastKnownFileType = text.xcconfig; name = "Pods-FriendListApp.release.xcconfig"; path = "Target Support Files/Pods-FriendListApp/Pods-FriendListApp.release.xcconfig"; sourceTree = "<group>"; };
/* End PBXFileReference section */

/* Begin PBXFrameworksBuildPhase section */
		21488C30249AFAE500DF7564 /* Frameworks */ = {
			isa = PBXFrameworksBuildPhase;
			buildActionMask = 2147483647;
			files = (
				39CB49D8F3FC0D0CC2340746 /* Pods_FriendListApp.framework in Frameworks */,
			);
			runOnlyForDeploymentPostprocessing = 0;
		};
/* End PBXFrameworksBuildPhase section */

/* Begin PBXGroup section */
		21488C2A249AFAE500DF7564 = {
			isa = PBXGroup;
			children = (
				21488C35249AFAE500DF7564 /* FriendListApp */,
				21488C34249AFAE500DF7564 /* Products */,
				84419C7A915EE60FEC6A8BB0 /* Pods */,
				F7EEAB2C567320D9F28D7BB8 /* Frameworks */,
			);
			sourceTree = "<group>";
		};
		21488C34249AFAE500DF7564 /* Products */ = {
			isa = PBXGroup;
			children = (
				21488C33249AFAE500DF7564 /* FriendListApp.app */,
			);
			name = Products;
			sourceTree = "<group>";
		};
		21488C35249AFAE500DF7564 /* FriendListApp */ = {
			isa = PBXGroup;
			children = (
				21488C36249AFAE500DF7564 /* AppDelegate.swift */,
				21488C38249AFAE500DF7564 /* SceneDelegate.swift */,
				21488C4C249B408700DF7564 /* Views */,
				21488C3C249AFAE500DF7564 /* Main.storyboard */,
				21488C3F249AFAE900DF7564 /* Assets.xcassets */,
				21488C41249AFAE900DF7564 /* LaunchScreen.storyboard */,
				21488C44249AFAE900DF7564 /* Info.plist */,
			);
			path = FriendListApp;
			sourceTree = "<group>";
		};
		21488C4C249B408700DF7564 /* Views */ = {
			isa = PBXGroup;
			children = (
				21488C3A249AFAE500DF7564 /* ViewController.swift */,
				21488C4A249B3ABF00DF7564 /* AddNameViewController.swift */,
			);
			path = Views;
			sourceTree = "<group>";
		};
		84419C7A915EE60FEC6A8BB0 /* Pods */ = {
			isa = PBXGroup;
			children = (
				AD20C14EB6FC598EBA9AFF15 /* Pods-FriendListApp.debug.xcconfig */,
				B8C5DCCD3D6FC2499D1AB8E6 /* Pods-FriendListApp.release.xcconfig */,
			);
			path = Pods;
			sourceTree = "<group>";
		};
		F7EEAB2C567320D9F28D7BB8 /* Frameworks */ = {
			isa = PBXGroup;
			children = (
				3CD44C0A78F866C2ECE8D743 /* Pods_FriendListApp.framework */,
			);
			name = Frameworks;
			sourceTree = "<group>";
		};
/* End PBXGroup section */

/* Begin PBXNativeTarget section */
		21488C32249AFAE500DF7564 /* FriendListApp */ = {
			isa = PBXNativeTarget;
			buildConfigurationList = 21488C47249AFAE900DF7564 /* Build configuration list for PBXNativeTarget "FriendListApp" */;
			buildPhases = (
				6E48867D4982784675E5B778 /* [CP] Check Pods Manifest.lock */,
				21488C2F249AFAE500DF7564 /* Sources */,
				21488C30249AFAE500DF7564 /* Frameworks */,
				21488C31249AFAE500DF7564 /* Resources */,
				99B43264B0ECA7D28A394CC9 /* [CP] Embed Pods Frameworks */,
			);
			buildRules = (
			);
			dependencies = (
			);
			name = FriendListApp;
			productName = FriendListApp;
			productReference = 21488C33249AFAE500DF7564 /* FriendListApp.app */;
			productType = "com.apple.product-type.application";
		};
/* End PBXNativeTarget section */

/* Begin PBXProject section */
		21488C2B249AFAE500DF7564 /* Project object */ = {
			isa = PBXProject;
			attributes = {
				LastSwiftUpdateCheck = 1150;
				LastUpgradeCheck = 1150;
				ORGANIZATIONNAME = "Anton Veldanov";
				TargetAttributes = {
					21488C32249AFAE500DF7564 = {
						CreatedOnToolsVersion = 11.5;
					};
				};
			};
			buildConfigurationList = 21488C2E249AFAE500DF7564 /* Build configuration list for PBXProject "FriendListApp" */;
			compatibilityVersion = "Xcode 9.3";
			developmentRegion = en;
			hasScannedForEncodings = 0;
			knownRegions = (
				en,
				Base,
			);
			mainGroup = 21488C2A249AFAE500DF7564;
			productRefGroup = 21488C34249AFAE500DF7564 /* Products */;
			projectDirPath = "";
			projectRoot = "";
			targets = (
				21488C32249AFAE500DF7564 /* FriendListApp */,
			);
		};
/* End PBXProject section */

/* Begin PBXResourcesBuildPhase section */
		21488C31249AFAE500DF7564 /* Resources */ = {
			isa = PBXResourcesBuildPhase;
			buildActionMask = 2147483647;
			files = (
				21488C43249AFAE900DF7564 /* LaunchScreen.storyboard in Resources */,
				21488C40249AFAE900DF7564 /* Assets.xcassets in Resources */,
				21488C3E249AFAE500DF7564 /* Main.storyboard in Resources */,
			);
			runOnlyForDeploymentPostprocessing = 0;
		};
/* End PBXResourcesBuildPhase section */

/* Begin PBXShellScriptBuildPhase section */
		6E48867D4982784675E5B778 /* [CP] Check Pods Manifest.lock */ = {
			isa = PBXShellScriptBuildPhase;
			buildActionMask = 2147483647;
			files = (
			);
			inputFileListPaths = (
			);
			inputPaths = (
				"${PODS_PODFILE_DIR_PATH}/Podfile.lock",
				"${PODS_ROOT}/Manifest.lock",
			);
			name = "[CP] Check Pods Manifest.lock";
			outputFileListPaths = (
			);
			outputPaths = (
				"$(DERIVED_FILE_DIR)/Pods-FriendListApp-checkManifestLockResult.txt",
			);
			runOnlyForDeploymentPostprocessing = 0;
			shellPath = /bin/sh;
			shellScript = "diff \"${PODS_PODFILE_DIR_PATH}/Podfile.lock\" \"${PODS_ROOT}/Manifest.lock\" > /dev/null\nif [ $? != 0 ] ; then\n    # print error to STDERR\n    echo \"error: The sandbox is not in sync with the Podfile.lock. Run 'pod install' or update your CocoaPods installation.\" >&2\n    exit 1\nfi\n# This output is used by Xcode 'outputs' to avoid re-running this script phase.\necho \"SUCCESS\" > \"${SCRIPT_OUTPUT_FILE_0}\"\n";
			showEnvVarsInLog = 0;
		};
		99B43264B0ECA7D28A394CC9 /* [CP] Embed Pods Frameworks */ = {
			isa = PBXShellScriptBuildPhase;
			buildActionMask = 2147483647;
			files = (
			);
			inputFileListPaths = (
				"${PODS_ROOT}/Target Support Files/Pods-FriendListApp/Pods-FriendListApp-frameworks-${CONFIGURATION}-input-files.xcfilelist",
			);
			name = "[CP] Embed Pods Frameworks";
			outputFileListPaths = (
				"${PODS_ROOT}/Target Support Files/Pods-FriendListApp/Pods-FriendListApp-frameworks-${CONFIGURATION}-output-files.xcfilelist",
			);
			runOnlyForDeploymentPostprocessing = 0;
			shellPath = /bin/sh;
			shellScript = "\"${PODS_ROOT}/Target Support Files/Pods-FriendListApp/Pods-FriendListApp-frameworks.sh\"\n";
			showEnvVarsInLog = 0;
		};
/* End PBXShellScriptBuildPhase section */

/* Begin PBXSourcesBuildPhase section */
		21488C2F249AFAE500DF7564 /* Sources */ = {
			isa = PBXSourcesBuildPhase;
			buildActionMask = 2147483647;
			files = (
				21488C3B249AFAE500DF7564 /* ViewController.swift in Sources */,
				21488C37249AFAE500DF7564 /* AppDelegate.swift in Sources */,
				21488C39249AFAE500DF7564 /* SceneDelegate.swift in Sources */,
				21488C4B249B3ABF00DF7564 /* AddNameViewController.swift in Sources */,
			);
			runOnlyForDeploymentPostprocessing = 0;
		};
/* End PBXSourcesBuildPhase section */

/* Begin PBXVariantGroup section */
		21488C3C249AFAE500DF7564 /* Main.storyboard */ = {
			isa = PBXVariantGroup;
			children = (
				21488C3D249AFAE500DF7564 /* Base */,
			);
			name = Main.storyboard;
			sourceTree = "<group>";
		};
		21488C41249AFAE900DF7564 /* LaunchScreen.storyboard */ = {
			isa = PBXVariantGroup;
			children = (
				21488C42249AFAE900DF7564 /* Base */,
			);
			name = LaunchScreen.storyboard;
			sourceTree = "<group>";
		};
/* End PBXVariantGroup section */

/* Begin XCBuildConfiguration section */
		21488C45249AFAE900DF7564 /* Debug */ = {
			isa = XCBuildConfiguration;
			buildSettings = {
				ALWAYS_SEARCH_USER_PATHS = NO;
				CLANG_ANALYZER_NONNULL = YES;
				CLANG_ANALYZER_NUMBER_OBJECT_CONVERSION = YES_AGGRESSIVE;
				CLANG_CXX_LANGUAGE_STANDARD = "gnu++14";
				CLANG_CXX_LIBRARY = "libc++";
				CLANG_ENABLE_MODULES = YES;
				CLANG_ENABLE_OBJC_ARC = YES;
				CLANG_ENABLE_OBJC_WEAK = YES;
				CLANG_WARN_BLOCK_CAPTURE_AUTORELEASING = YES;
				CLANG_WARN_BOOL_CONVERSION = YES;
				CLANG_WARN_COMMA = YES;
				CLANG_WARN_CONSTANT_CONVERSION = YES;
				CLANG_WARN_DEPRECATED_OBJC_IMPLEMENTATIONS = YES;
				CLANG_WARN_DIRECT_OBJC_ISA_USAGE = YES_ERROR;
				CLANG_WARN_DOCUMENTATION_COMMENTS = YES;
				CLANG_WARN_EMPTY_BODY = YES;
				CLANG_WARN_ENUM_CONVERSION = YES;
				CLANG_WARN_INFINITE_RECURSION = YES;
				CLANG_WARN_INT_CONVERSION = YES;
				CLANG_WARN_NON_LITERAL_NULL_CONVERSION = YES;
				CLANG_WARN_OBJC_IMPLICIT_RETAIN_SELF = YES;
				CLANG_WARN_OBJC_LITERAL_CONVERSION = YES;
				CLANG_WARN_OBJC_ROOT_CLASS = YES_ERROR;
				CLANG_WARN_RANGE_LOOP_ANALYSIS = YES;
				CLANG_WARN_STRICT_PROTOTYPES = YES;
				CLANG_WARN_SUSPICIOUS_MOVE = YES;
				CLANG_WARN_UNGUARDED_AVAILABILITY = YES_AGGRESSIVE;
				CLANG_WARN_UNREACHABLE_CODE = YES;
				CLANG_WARN__DUPLICATE_METHOD_MATCH = YES;
				COPY_PHASE_STRIP = NO;
				DEBUG_INFORMATION_FORMAT = dwarf;
				ENABLE_STRICT_OBJC_MSGSEND = YES;
				ENABLE_TESTABILITY = YES;
				GCC_C_LANGUAGE_STANDARD = gnu11;
				GCC_DYNAMIC_NO_PIC = NO;
				GCC_NO_COMMON_BLOCKS = YES;
				GCC_OPTIMIZATION_LEVEL = 0;
				GCC_PREPROCESSOR_DEFINITIONS = (
					"DEBUG=1",
					"$(inherited)",
				);
				GCC_WARN_64_TO_32_BIT_CONVERSION = YES;
				GCC_WARN_ABOUT_RETURN_TYPE = YES_ERROR;
				GCC_WARN_UNDECLARED_SELECTOR = YES;
				GCC_WARN_UNINITIALIZED_AUTOS = YES_AGGRESSIVE;
				GCC_WARN_UNUSED_FUNCTION = YES;
				GCC_WARN_UNUSED_VARIABLE = YES;
				IPHONEOS_DEPLOYMENT_TARGET = 13.5;
				MTL_ENABLE_DEBUG_INFO = INCLUDE_SOURCE;
				MTL_FAST_MATH = YES;
				ONLY_ACTIVE_ARCH = YES;
				SDKROOT = iphoneos;
				SWIFT_ACTIVE_COMPILATION_CONDITIONS = DEBUG;
				SWIFT_OPTIMIZATION_LEVEL = "-Onone";
			};
			name = Debug;
		};
		21488C46249AFAE900DF7564 /* Release */ = {
			isa = XCBuildConfiguration;
			buildSettings = {
				ALWAYS_SEARCH_USER_PATHS = NO;
				CLANG_ANALYZER_NONNULL = YES;
				CLANG_ANALYZER_NUMBER_OBJECT_CONVERSION = YES_AGGRESSIVE;
				CLANG_CXX_LANGUAGE_STANDARD = "gnu++14";
				CLANG_CXX_LIBRARY = "libc++";
				CLANG_ENABLE_MODULES = YES;
				CLANG_ENABLE_OBJC_ARC = YES;
				CLANG_ENABLE_OBJC_WEAK = YES;
				CLANG_WARN_BLOCK_CAPTURE_AUTORELEASING = YES;
				CLANG_WARN_BOOL_CONVERSION = YES;
				CLANG_WARN_COMMA = YES;
				CLANG_WARN_CONSTANT_CONVERSION = YES;
				CLANG_WARN_DEPRECATED_OBJC_IMPLEMENTATIONS = YES;
				CLANG_WARN_DIRECT_OBJC_ISA_USAGE = YES_ERROR;
				CLANG_WARN_DOCUMENTATION_COMMENTS = YES;
				CLANG_WARN_EMPTY_BODY = YES;
				CLANG_WARN_ENUM_CONVERSION = YES;
				CLANG_WARN_INFINITE_RECURSION = YES;
				CLANG_WARN_INT_CONVERSION = YES;
				CLANG_WARN_NON_LITERAL_NULL_CONVERSION = YES;
				CLANG_WARN_OBJC_IMPLICIT_RETAIN_SELF = YES;
				CLANG_WARN_OBJC_LITERAL_CONVERSION = YES;
				CLANG_WARN_OBJC_ROOT_CLASS = YES_ERROR;
				CLANG_WARN_RANGE_LOOP_ANALYSIS = YES;
				CLANG_WARN_STRICT_PROTOTYPES = YES;
				CLANG_WARN_SUSPICIOUS_MOVE = YES;
				CLANG_WARN_UNGUARDED_AVAILABILITY = YES_AGGRESSIVE;
				CLANG_WARN_UNREACHABLE_CODE = YES;
				CLANG_WARN__DUPLICATE_METHOD_MATCH = YES;
				COPY_PHASE_STRIP = NO;
				DEBUG_INFORMATION_FORMAT = "dwarf-with-dsym";
				ENABLE_NS_ASSERTIONS = NO;
				ENABLE_STRICT_OBJC_MSGSEND = YES;
				GCC_C_LANGUAGE_STANDARD = gnu11;
				GCC_NO_COMMON_BLOCKS = YES;
				GCC_WARN_64_TO_32_BIT_CONVERSION = YES;
				GCC_WARN_ABOUT_RETURN_TYPE = YES_ERROR;
				GCC_WARN_UNDECLARED_SELECTOR = YES;
				GCC_WARN_UNINITIALIZED_AUTOS = YES_AGGRESSIVE;
				GCC_WARN_UNUSED_FUNCTION = YES;
				GCC_WARN_UNUSED_VARIABLE = YES;
				IPHONEOS_DEPLOYMENT_TARGET = 13.5;
				MTL_ENABLE_DEBUG_INFO = NO;
				MTL_FAST_MATH = YES;
				SDKROOT = iphoneos;
				SWIFT_COMPILATION_MODE = wholemodule;
				SWIFT_OPTIMIZATION_LEVEL = "-O";
				VALIDATE_PRODUCT = YES;
			};
			name = Release;
		};
		21488C48249AFAE900DF7564 /* Debug */ = {
			isa = XCBuildConfiguration;
			baseConfigurationReference = AD20C14EB6FC598EBA9AFF15 /* Pods-FriendListApp.debug.xcconfig */;
			buildSettings = {
				ASSETCATALOG_COMPILER_APPICON_NAME = AppIcon;
				CODE_SIGN_STYLE = Automatic;
				DEVELOPMENT_TEAM = QLJ84Q3ZSY;
				INFOPLIST_FILE = FriendListApp/Info.plist;
				LD_RUNPATH_SEARCH_PATHS = (
					"$(inherited)",
					"@executable_path/Frameworks",
				);
				PRODUCT_BUNDLE_IDENTIFIER = com.aveldanov.FriendListApp;
				PRODUCT_NAME = "$(TARGET_NAME)";
				SWIFT_VERSION = 5.0;
				TARGETED_DEVICE_FAMILY = "1,2";
			};
			name = Debug;
		};
		21488C49249AFAE900DF7564 /* Release */ = {
			isa = XCBuildConfiguration;
			baseConfigurationReference = B8C5DCCD3D6FC2499D1AB8E6 /* Pods-FriendListApp.release.xcconfig */;
			buildSettings = {
				ASSETCATALOG_COMPILER_APPICON_NAME = AppIcon;
				CODE_SIGN_STYLE = Automatic;
				DEVELOPMENT_TEAM = QLJ84Q3ZSY;
				INFOPLIST_FILE = FriendListApp/Info.plist;
				LD_RUNPATH_SEARCH_PATHS = (
					"$(inherited)",
					"@executable_path/Frameworks",
				);
				PRODUCT_BUNDLE_IDENTIFIER = com.aveldanov.FriendListApp;
				PRODUCT_NAME = "$(TARGET_NAME)";
				SWIFT_VERSION = 5.0;
				TARGETED_DEVICE_FAMILY = "1,2";
			};
			name = Release;
		};
/* End XCBuildConfiguration section */

/* Begin XCConfigurationList section */
		21488C2E249AFAE500DF7564 /* Build configuration list for PBXProject "FriendListApp" */ = {
			isa = XCConfigurationList;
			buildConfigurations = (
				21488C45249AFAE900DF7564 /* Debug */,
				21488C46249AFAE900DF7564 /* Release */,
			);
			defaultConfigurationIsVisible = 0;
			defaultConfigurationName = Release;
		};
		21488C47249AFAE900DF7564 /* Build configuration list for PBXNativeTarget "FriendListApp" */ = {
			isa = XCConfigurationList;
			buildConfigurations = (
				21488C48249AFAE900DF7564 /* Debug */,
				21488C49249AFAE900DF7564 /* Release */,
			);
			defaultConfigurationIsVisible = 0;
			defaultConfigurationName = Release;
		};
/* End XCConfigurationList section */
	};
	rootObject = 21488C2B249AFAE500DF7564 /* Project object */;
}
